
Microsoft Visual Studio Solution File, Format Version 12.00
# Visual Studio Version 16
VisualStudioVersion = 16.0.32002.261
MinimumVisualStudioVersion = 10.0.40219.1
Project("{9A19103F-16F7-4668-BE54-9A1E7A4F7556}") = "WPFHello", "WPFHello.csproj", "{E21AA4FB-57B9-4557-A5F4-AD2628BCDAD3}"
EndProject
Project("{9A19103F-16F7-4668-BE54-9A1E7A4F7556}") = "WPFCheck", "..\WPFCheck\WPFCheck.csproj", "{67290AC4-5E9B-47E4-856E-950F1C1CAB71}"
EndProject
Project("{9A19103F-16F7-4668-BE54-9A1E7A4F7556}") = "WPFcombo", "..\WPFcombo\WPFcombo.csproj", "{ED2D8DE4-4ABF-4A77-B6C4-E965D765C304}"
EndProject
Project("{9A19103F-16F7-4668-BE54-9A1E7A4F7556}") = "WPFLabel", "..\WPFLabel\WPFLabel.csproj", "{0E11998C-4897-4552-9D81-EBC719467D03}"
EndProject
Project("{9A19103F-16F7-4668-BE54-9A1E7A4F7556}") = "WPFListBox", "..\WPFListBox\WPFListBox.csproj", "{B115AC6E-ABB1-4B75-87DD-2E76D33F31AF}"
EndProject
Project("{9A19103F-16F7-4668-BE54-9A1E7A4F7556}") = "WPFMenu", "..\WPFMenu\WPFMenu.csproj", "{BD2FCF66-F8B1-4985-85AD-D3DBFBF33B85}"
EndProject
Project("{9A19103F-16F7-4668-BE54-9A1E7A4F7556}") = "WPFPass", "..\WPFPass\WPFPass.csproj", "{E1DFF586-9274-4380-920B-4E077622669C}"
EndProject
Project("{9A19103F-16F7-4668-BE54-9A1E7A4F7556}") = "WPFImg", "..\WPFImg\WPFImg.csproj", "{F0F84BE8-C3A8-4A02-9AB8-3B08EF99EF87}"
EndProject
Project("{9A19103F-16F7-4668-BE54-9A1E7A4F7556}") = "WPFRadio", "..\WPFRadio\WPFRadio.csproj", "{217B2A56-CA4F-4E8F-B922-EC6B9A62ADDB}"
EndProject
Project("{9A19103F-16F7-4668-BE54-9A1E7A4F7556}") = "WPFToggle", "..\WPFToggle\WPFToggle.csproj", "{DF13188A-633D-46B5-B177-4E28B13E9279}"
EndProject
Project("{9A19103F-16F7-4668-BE54-9A1E7A4F7556}") = "WPFCal", "..\WPFCal\WPFCal.csproj", "{BF920A0F-CB25-4F96-859A-C998D48FF886}"
EndProject
Project("{9A19103F-16F7-4668-BE54-9A1E7A4F7556}") = "WPFCB", "..\WPFCB\WPFCB.csproj", "{9BB83964-6987-4261-85F0-60A3E4C86ED6}"
EndProject
Project("{9A19103F-16F7-4668-BE54-9A1E7A4F7556}") = "WPFMB", "..\WPFMB\WPFMB.csproj", "{A6B87CC1-BD74-486F-A46E-7AF3EA520A4B}"
EndProject
Project("{9A19103F-16F7-4668-BE54-9A1E7A4F7556}") = "WPFPopUp", "..\WPFPopUp\WPFPopUp.csproj", "{7B6926EB-DC1C-4692-A0B5-03C05EE7DF1B}"
EndProject
Project("{9A19103F-16F7-4668-BE54-9A1E7A4F7556}") = "WPFPB", "..\WPFPB\WPFPB.csproj", "{B380987E-ECF5-4C7D-BD83-F33908181EA0}"
EndProject
Project("{9A19103F-16F7-4668-BE54-9A1E7A4F7556}") = "WPFSV", "..\WPFSV\WPFSV.csproj", "{05ED2495-2445-49D1-BD2B-8D053EAA5EC7}"
EndProject
Project("{9A19103F-16F7-4668-BE54-9A1E7A4F7556}") = "WPFSL", "..\WPFSL\WPFSL.csproj", "{60630B26-BCD2-4FB7-BD04-9398F8F6AD7C}"
EndProject
Project("{9A19103F-16F7-4668-BE54-9A1E7A4F7556}") = "WPFTool", "..\WPFTool\WPFTool.csproj", "{83FC14DA-26E3-41B2-BD8D-A6DED1B07A19}"
EndProject
Project("{9A19103F-16F7-4668-BE54-9A1E7A4F7556}") = "WPFGrid", "..\WPFGrid\WPFGrid.csproj", "{E59E7D14-9E19-4377-906E-51A4BE0B84A1}"
EndProject
Project("{9A19103F-16F7-4668-BE54-9A1E7A4F7556}") = "WPFStack", "..\WPFStack\WPFStack.csproj", "{CA004CCB-AE84-467E-B486-FAB769AB7001}"
EndProject
Project("{9A19103F-16F7-4668-BE54-9A1E7A4F7556}") = "WPFWrap", "..\WPFWrap\WPFWrap.csproj", "{F71A6EA8-2A7A-48AA-A3AF-7E5473EF36FA}"
EndProject
Project("{9A19103F-16F7-4668-BE54-9A1E7A4F7556}") = "WPFDock", "..\WPFDock\WPFDock.csproj", "{4A1DAA1F-E8F3-4CC9-813A-00053575E212}"
EndProject
Project("{9A19103F-16F7-4668-BE54-9A1E7A4F7556}") = "WPFCanvas", "..\WPFCanvas\WPFCanvas.csproj", "{A9E376B3-BA76-460D-8005-C95F11E76DF7}"
EndProject
Project("{9A19103F-16F7-4668-BE54-9A1E7A4F7556}") = "WPFm_input", "..\WPFm_input\WPFm_input.csproj", "{EF6D38D7-4269-4E0C-AC17-F4A29798486E}"
EndProject
Project("{9A19103F-16F7-4668-BE54-9A1E7A4F7556}") = "WPFk_input", "..\WPFk_input\WPFk_input.csproj", "{205A8355-1613-4BC6-B23C-9451FBB724AB}"
EndProject
Project("{FAE04EC0-301F-11D3-BF4B-00C04F79EFBC}") = "WPFme_input", "..\WPFme_input\WPFme_input.csproj", "{D73C59E8-57CD-4CBC-AE09-DE4823B2DB75}"
EndProject
Global
	GlobalSection(SolutionConfigurationPlatforms) = preSolution
		Debug|Any CPU = Debug|Any CPU
		Release|Any CPU = Release|Any CPU
	EndGlobalSection
	GlobalSection(ProjectConfigurationPlatforms) = postSolution
		{E21AA4FB-57B9-4557-A5F4-AD2628BCDAD3}.Debug|Any CPU.ActiveCfg = Debug|Any CPU
		{E21AA4FB-57B9-4557-A5F4-AD2628BCDAD3}.Debug|Any CPU.Build.0 = Debug|Any CPU
		{E21AA4FB-57B9-4557-A5F4-AD2628BCDAD3}.Release|Any CPU.ActiveCfg = Release|Any CPU
		{E21AA4FB-57B9-4557-A5F4-AD2628BCDAD3}.Release|Any CPU.Build.0 = Release|Any CPU
		{67290AC4-5E9B-47E4-856E-950F1C1CAB71}.Debug|Any CPU.ActiveCfg = Debug|Any CPU
		{67290AC4-5E9B-47E4-856E-950F1C1CAB71}.Debug|Any CPU.Build.0 = Debug|Any CPU
		{67290AC4-5E9B-47E4-856E-950F1C1CAB71}.Release|Any CPU.ActiveCfg = Release|Any CPU
		{67290AC4-5E9B-47E4-856E-950F1C1CAB71}.Release|Any CPU.Build.0 = Release|Any CPU
		{ED2D8DE4-4ABF-4A77-B6C4-E965D765C304}.Debug|Any CPU.ActiveCfg = Debug|Any CPU
		{ED2D8DE4-4ABF-4A77-B6C4-E965D765C304}.Debug|Any CPU.Build.0 = Debug|Any CPU
		{ED2D8DE4-4ABF-4A77-B6C4-E965D765C304}.Release|Any CPU.ActiveCfg = Release|Any CPU
		{ED2D8DE4-4ABF-4A77-B6C4-E965D765C304}.Release|Any CPU.Build.0 = Release|Any CPU
		{0E11998C-4897-4552-9D81-EBC719467D03}.Debug|Any CPU.ActiveCfg = Debug|Any CPU
		{0E11998C-4897-4552-9D81-EBC719467D03}.Debug|Any CPU.Build.0 = Debug|Any CPU
		{0E11998C-4897-4552-9D81-EBC719467D03}.Release|Any CPU.ActiveCfg = Release|Any CPU
		{0E11998C-4897-4552-9D81-EBC719467D03}.Release|Any CPU.Build.0 = Release|Any CPU
		{B115AC6E-ABB1-4B75-87DD-2E76D33F31AF}.Debug|Any CPU.ActiveCfg = Debug|Any CPU
		{B115AC6E-ABB1-4B75-87DD-2E76D33F31AF}.Debug|Any CPU.Build.0 = Debug|Any CPU
		{B115AC6E-ABB1-4B75-87DD-2E76D33F31AF}.Release|Any CPU.ActiveCfg = Release|Any CPU
		{B115AC6E-ABB1-4B75-87DD-2E76D33F31AF}.Release|Any CPU.Build.0 = Release|Any CPU
		{BD2FCF66-F8B1-4985-85AD-D3DBFBF33B85}.Debug|Any CPU.ActiveCfg = Debug|Any CPU
		{BD2FCF66-F8B1-4985-85AD-D3DBFBF33B85}.Debug|Any CPU.Build.0 = Debug|Any CPU
		{BD2FCF66-F8B1-4985-85AD-D3DBFBF33B85}.Release|Any CPU.ActiveCfg = Release|Any CPU
		{BD2FCF66-F8B1-4985-85AD-D3DBFBF33B85}.Release|Any CPU.Build.0 = Release|Any CPU
		{E1DFF586-9274-4380-920B-4E077622669C}.Debug|Any CPU.ActiveCfg = Debug|Any CPU
		{E1DFF586-9274-4380-920B-4E077622669C}.Debug|Any CPU.Build.0 = Debug|Any CPU
		{E1DFF586-9274-4380-920B-4E077622669C}.Release|Any CPU.ActiveCfg = Release|Any CPU
		{E1DFF586-9274-4380-920B-4E077622669C}.Release|Any CPU.Build.0 = Release|Any CPU
		{F0F84BE8-C3A8-4A02-9AB8-3B08EF99EF87}.Debug|Any CPU.ActiveCfg = Debug|Any CPU
		{F0F84BE8-C3A8-4A02-9AB8-3B08EF99EF87}.Debug|Any CPU.Build.0 = Debug|Any CPU
		{F0F84BE8-C3A8-4A02-9AB8-3B08EF99EF87}.Release|Any CPU.ActiveCfg = Release|Any CPU
		{F0F84BE8-C3A8-4A02-9AB8-3B08EF99EF87}.Release|Any CPU.Build.0 = Release|Any CPU
		{217B2A56-CA4F-4E8F-B922-EC6B9A62ADDB}.Debug|Any CPU.ActiveCfg = Debug|Any CPU
		{217B2A56-CA4F-4E8F-B922-EC6B9A62ADDB}.Debug|Any CPU.Build.0 = Debug|Any CPU
		{217B2A56-CA4F-4E8F-B922-EC6B9A62ADDB}.Release|Any CPU.ActiveCfg = Release|Any CPU
		{217B2A56-CA4F-4E8F-B922-EC6B9A62ADDB}.Release|Any CPU.Build.0 = Release|Any CPU
		{DF13188A-633D-46B5-B177-4E28B13E9279}.Debug|Any CPU.ActiveCfg = Debug|Any CPU
		{DF13188A-633D-46B5-B177-4E28B13E9279}.Debug|Any CPU.Build.0 = Debug|Any CPU
		{DF13188A-633D-46B5-B177-4E28B13E9279}.Release|Any CPU.ActiveCfg = Release|Any CPU
		{DF13188A-633D-46B5-B177-4E28B13E9279}.Release|Any CPU.Build.0 = Release|Any CPU
		{BF920A0F-CB25-4F96-859A-C998D48FF886}.Debug|Any CPU.ActiveCfg = Debug|Any CPU
		{BF920A0F-CB25-4F96-859A-C998D48FF886}.Debug|Any CPU.Build.0 = Debug|Any CPU
		{BF920A0F-CB25-4F96-859A-C998D48FF886}.Release|Any CPU.ActiveCfg = Release|Any CPU
		{BF920A0F-CB25-4F96-859A-C998D48FF886}.Release|Any CPU.Build.0 = Release|Any CPU
		{9BB83964-6987-4261-85F0-60A3E4C86ED6}.Debug|Any CPU.ActiveCfg = Debug|Any CPU
		{9BB83964-6987-4261-85F0-60A3E4C86ED6}.Debug|Any CPU.Build.0 = Debug|Any CPU
		{9BB83964-6987-4261-85F0-60A3E4C86ED6}.Release|Any CPU.ActiveCfg = Release|Any CPU
		{9BB83964-6987-4261-85F0-60A3E4C86ED6}.Release|Any CPU.Build.0 = Release|Any CPU
		{A6B87CC1-BD74-486F-A46E-7AF3EA520A4B}.Debug|Any CPU.ActiveCfg = Debug|Any CPU
		{A6B87CC1-BD74-486F-A46E-7AF3EA520A4B}.Debug|Any CPU.Build.0 = Debug|Any CPU
		{A6B87CC1-BD74-486F-A46E-7AF3EA520A4B}.Release|Any CPU.ActiveCfg = Release|Any CPU
		{A6B87CC1-BD74-486F-A46E-7AF3EA520A4B}.Release|Any CPU.Build.0 = Release|Any CPU
		{7B6926EB-DC1C-4692-A0B5-03C05EE7DF1B}.Debug|Any CPU.ActiveCfg = Debug|Any CPU
		{7B6926EB-DC1C-4692-A0B5-03C05EE7DF1B}.Debug|Any CPU.Build.0 = Debug|Any CPU
		{7B6926EB-DC1C-4692-A0B5-03C05EE7DF1B}.Release|Any CPU.ActiveCfg = Release|Any CPU
		{7B6926EB-DC1C-4692-A0B5-03C05EE7DF1B}.Release|Any CPU.Build.0 = Release|Any CPU
		{B380987E-ECF5-4C7D-BD83-F33908181EA0}.Debug|Any CPU.ActiveCfg = Debug|Any CPU
		{B380987E-ECF5-4C7D-BD83-F33908181EA0}.Debug|Any CPU.Build.0 = Debug|Any CPU
		{B380987E-ECF5-4C7D-BD83-F33908181EA0}.Release|Any CPU.ActiveCfg = Release|Any CPU
		{B380987E-ECF5-4C7D-BD83-F33908181EA0}.Release|Any CPU.Build.0 = Release|Any CPU
		{05ED2495-2445-49D1-BD2B-8D053EAA5EC7}.Debug|Any CPU.ActiveCfg = Debug|Any CPU
		{05ED2495-2445-49D1-BD2B-8D053EAA5EC7}.Debug|Any CPU.Build.0 = Debug|Any CPU
		{05ED2495-2445-49D1-BD2B-8D053EAA5EC7}.Release|Any CPU.ActiveCfg = Release|Any CPU
		{05ED2495-2445-49D1-BD2B-8D053EAA5EC7}.Release|Any CPU.Build.0 = Release|Any CPU
		{60630B26-BCD2-4FB7-BD04-9398F8F6AD7C}.Debug|Any CPU.ActiveCfg = Debug|Any CPU
		{60630B26-BCD2-4FB7-BD04-9398F8F6AD7C}.Debug|Any CPU.Build.0 = Debug|Any CPU
		{60630B26-BCD2-4FB7-BD04-9398F8F6AD7C}.Release|Any CPU.ActiveCfg = Release|Any CPU
		{60630B26-BCD2-4FB7-BD04-9398F8F6AD7C}.Release|Any CPU.Build.0 = Release|Any CPU
		{83FC14DA-26E3-41B2-BD8D-A6DED1B07A19}.Debug|Any CPU.ActiveCfg = Debug|Any CPU
		{83FC14DA-26E3-41B2-BD8D-A6DED1B07A19}.Debug|Any CPU.Build.0 = Debug|Any CPU
		{83FC14DA-26E3-41B2-BD8D-A6DED1B07A19}.Release|Any CPU.ActiveCfg = Release|Any CPU
		{83FC14DA-26E3-41B2-BD8D-A6DED1B07A19}.Release|Any CPU.Build.0 = Release|Any CPU
		{E59E7D14-9E19-4377-906E-51A4BE0B84A1}.Debug|Any CPU.ActiveCfg = Debug|Any CPU
		{E59E7D14-9E19-4377-906E-51A4BE0B84A1}.Debug|Any CPU.Build.0 = Debug|Any CPU
		{E59E7D14-9E19-4377-906E-51A4BE0B84A1}.Release|Any CPU.ActiveCfg = Release|Any CPU
		{E59E7D14-9E19-4377-906E-51A4BE0B84A1}.Release|Any CPU.Build.0 = Release|Any CPU
		{CA004CCB-AE84-467E-B486-FAB769AB7001}.Debug|Any CPU.ActiveCfg = Debug|Any CPU
		{CA004CCB-AE84-467E-B486-FAB769AB7001}.Debug|Any CPU.Build.0 = Debug|Any CPU
		{CA004CCB-AE84-467E-B486-FAB769AB7001}.Release|Any CPU.ActiveCfg = Release|Any CPU
		{CA004CCB-AE84-467E-B486-FAB769AB7001}.Release|Any CPU.Build.0 = Release|Any CPU
		{F71A6EA8-2A7A-48AA-A3AF-7E5473EF36FA}.Debug|Any CPU.ActiveCfg = Debug|Any CPU
		{F71A6EA8-2A7A-48AA-A3AF-7E5473EF36FA}.Debug|Any CPU.Build.0 = Debug|Any CPU
		{F71A6EA8-2A7A-48AA-A3AF-7E5473EF36FA}.Release|Any CPU.ActiveCfg = Release|Any CPU
		{F71A6EA8-2A7A-48AA-A3AF-7E5473EF36FA}.Release|Any CPU.Build.0 = Release|Any CPU
		{4A1DAA1F-E8F3-4CC9-813A-00053575E212}.Debug|Any CPU.ActiveCfg = Debug|Any CPU
		{4A1DAA1F-E8F3-4CC9-813A-00053575E212}.Debug|Any CPU.Build.0 = Debug|Any CPU
		{4A1DAA1F-E8F3-4CC9-813A-00053575E212}.Release|Any CPU.ActiveCfg = Release|Any CPU
		{4A1DAA1F-E8F3-4CC9-813A-00053575E212}.Release|Any CPU.Build.0 = Release|Any CPU
		{A9E376B3-BA76-460D-8005-C95F11E76DF7}.Debug|Any CPU.ActiveCfg = Debug|Any CPU
		{A9E376B3-BA76-460D-8005-C95F11E76DF7}.Debug|Any CPU.Build.0 = Debug|Any CPU
		{A9E376B3-BA76-460D-8005-C95F11E76DF7}.Release|Any CPU.ActiveCfg = Release|Any CPU
		{A9E376B3-BA76-460D-8005-C95F11E76DF7}.Release|Any CPU.Build.0 = Release|Any CPU
		{EF6D38D7-4269-4E0C-AC17-F4A29798486E}.Debug|Any CPU.ActiveCfg = Debug|Any CPU
		{EF6D38D7-4269-4E0C-AC17-F4A29798486E}.Debug|Any CPU.Build.0 = Debug|Any CPU
		{EF6D38D7-4269-4E0C-AC17-F4A29798486E}.Release|Any CPU.ActiveCfg = Release|Any CPU
		{EF6D38D7-4269-4E0C-AC17-F4A29798486E}.Release|Any CPU.Build.0 = Release|Any CPU
		{205A8355-1613-4BC6-B23C-9451FBB724AB}.Debug|Any CPU.ActiveCfg = Debug|Any CPU
		{205A8355-1613-4BC6-B23C-9451FBB724AB}.Debug|Any CPU.Build.0 = Debug|Any CPU
		{205A8355-1613-4BC6-B23C-9451FBB724AB}.Release|Any CPU.ActiveCfg = Release|Any CPU
		{205A8355-1613-4BC6-B23C-9451FBB724AB}.Release|Any CPU.Build.0 = Release|Any CPU
		{D73C59E8-57CD-4CBC-AE09-DE4823B2DB75}.Debug|Any CPU.ActiveCfg = Debug|Any CPU
		{D73C59E8-57CD-4CBC-AE09-DE4823B2DB75}.Debug|Any CPU.Build.0 = Debug|Any CPU
		{D73C59E8-57CD-4CBC-AE09-DE4823B2DB75}.Release|Any CPU.ActiveCfg = Release|Any CPU
		{D73C59E8-57CD-4CBC-AE09-DE4823B2DB75}.Release|Any CPU.Build.0 = Release|Any CPU
	EndGlobalSection
	GlobalSection(SolutionProperties) = preSolution
		HideSolutionNode = FALSE
	EndGlobalSection
	GlobalSection(ExtensibilityGlobals) = postSolution
		SolutionGuid = {5E50926B-E841-4905-A263-26B25C6E91CB}
	EndGlobalSection
EndGlobal
